
Microsoft Visual Studio Solution File, Format Version 12.00
# Visual Studio Version 17
VisualStudioVersion = 17.5.002.0
MinimumVisualStudioVersion = 10.0.40219.1
Project("{9A19103F-16F7-4668-BE54-9A1E7A4F7556}") = "Progama1", "Progama1\Progama1.csproj", "{B834A8E9-7321-48C7-8812-0EB0C75D2ACC}"
EndProject
Project("{9A19103F-16F7-4668-BE54-9A1E7A4F7556}") = "Atv1", "Progama2\Atv1.csproj", "{B1237BE0-5956-4A06-ABFF-F235545509BF}"
EndProject
Project("{9A19103F-16F7-4668-BE54-9A1E7A4F7556}") = "Progama3", "Progama3\Progama3.csproj", "{8024208B-6800-4B9C-8D26-B90D67AF82D2}"
EndProject
Project("{FAE04EC0-301F-11D3-BF4B-00C04F79EFBC}") = "ProjetoCal", "ProjetoCal\ProjetoCal.csproj", "{D522D6CD-74FE-40F8-9CC1-F4C53E447451}"
EndProject
Project("{FAE04EC0-301F-11D3-BF4B-00C04F79EFBC}") = "AreaCirculo", "AreaCirculo\AreaCirculo.csproj", "{E7BBEF42-AF1A-40AC-891A-9DEAFBC5CCA0}"
EndProject
Project("{FAE04EC0-301F-11D3-BF4B-00C04F79EFBC}") = "Soma", "Soma\Soma.csproj", "{7374162D-7062-42AB-AE10-A15178592559}"
EndProject
Project("{FAE04EC0-301F-11D3-BF4B-00C04F79EFBC}") = "Prod", "Prod\Prod.csproj", "{BA32D414-EE9D-482E-A443-B5792A23169E}"
EndProject
Project("{FAE04EC0-301F-11D3-BF4B-00C04F79EFBC}") = "Calculo", "Calculo\Calculo.csproj", "{4FB684CF-5A5D-4DE8-9200-AB91DFA1C665}"
EndProject
Project("{FAE04EC0-301F-11D3-BF4B-00C04F79EFBC}") = "Media", "Media\Media.csproj", "{CEBE5AD0-11DF-4326-ACF1-32881A9C4549}"
EndProject
Project("{FAE04EC0-301F-11D3-BF4B-00C04F79EFBC}") = "Nota", "Nota\Nota.csproj", "{B1690006-9F36-4912-AF36-B6BD1169B00C}"
EndProject
Project("{FAE04EC0-301F-11D3-BF4B-00C04F79EFBC}") = "Menor", "Menor\Menor.csproj", "{FCCAD98B-FA5C-4B72-9797-C379A1E082A9}"
EndProject
Project("{FAE04EC0-301F-11D3-BF4B-00C04F79EFBC}") = "Enquanto1", "Enquanto1\Enquanto1.csproj", "{9ED94EF8-E7DB-4D88-BD6E-C87F46A43100}"
EndProject
Project("{FAE04EC0-301F-11D3-BF4B-00C04F79EFBC}") = "Enquanto", "Enquanto\Enquanto.csproj", "{106C0C92-69A9-4207-A05B-BABEE77BA6C9}"
EndProject
Project("{FAE04EC0-301F-11D3-BF4B-00C04F79EFBC}") = "ConsoleApp1", "ConsoleApp1\ConsoleApp1.csproj", "{68BF2811-5DAB-48D3-8017-5BFF1E7DA98F}"
EndProject
Project("{FAE04EC0-301F-11D3-BF4B-00C04F79EFBC}") = "Idade", "Idade\Idade.csproj", "{B7730E83-2A89-4660-8D28-46154883946A}"
EndProject
Project("{FAE04EC0-301F-11D3-BF4B-00C04F79EFBC}") = "Para", "Para\Para.csproj", "{A3B4171E-101D-4889-A006-C0AD5C92ED1B}"
EndProject
Project("{FAE04EC0-301F-11D3-BF4B-00C04F79EFBC}") = "Impar", "Impar\Impar.csproj", "{C90FB9EF-CFBC-46ED-9EE3-F2D3440C63CA}"
EndProject
Project("{FAE04EC0-301F-11D3-BF4B-00C04F79EFBC}") = "Graus", "Graus\Graus.csproj", "{DAB42166-E199-426C-903C-E049D8D990D2}"
EndProject
Project("{FAE04EC0-301F-11D3-BF4B-00C04F79EFBC}") = "Vetor", "Vetor\Vetor.csproj", "{E5139D8A-4896-45FE-8591-A592016C4110}"
EndProject
Global
	GlobalSection(SolutionConfigurationPlatforms) = preSolution
		Debug|Any CPU = Debug|Any CPU
		Release|Any CPU = Release|Any CPU
	EndGlobalSection
	GlobalSection(ProjectConfigurationPlatforms) = postSolution
		{B834A8E9-7321-48C7-8812-0EB0C75D2ACC}.Debug|Any CPU.ActiveCfg = Debug|Any CPU
		{B834A8E9-7321-48C7-8812-0EB0C75D2ACC}.Debug|Any CPU.Build.0 = Debug|Any CPU
		{B834A8E9-7321-48C7-8812-0EB0C75D2ACC}.Release|Any CPU.ActiveCfg = Release|Any CPU
		{B834A8E9-7321-48C7-8812-0EB0C75D2ACC}.Release|Any CPU.Build.0 = Release|Any CPU
		{B1237BE0-5956-4A06-ABFF-F235545509BF}.Debug|Any CPU.ActiveCfg = Debug|Any CPU
		{B1237BE0-5956-4A06-ABFF-F235545509BF}.Debug|Any CPU.Build.0 = Debug|Any CPU
		{B1237BE0-5956-4A06-ABFF-F235545509BF}.Release|Any CPU.ActiveCfg = Release|Any CPU
		{B1237BE0-5956-4A06-ABFF-F235545509BF}.Release|Any CPU.Build.0 = Release|Any CPU
		{8024208B-6800-4B9C-8D26-B90D67AF82D2}.Debug|Any CPU.ActiveCfg = Debug|Any CPU
		{8024208B-6800-4B9C-8D26-B90D67AF82D2}.Debug|Any CPU.Build.0 = Debug|Any CPU
		{8024208B-6800-4B9C-8D26-B90D67AF82D2}.Release|Any CPU.ActiveCfg = Release|Any CPU
		{8024208B-6800-4B9C-8D26-B90D67AF82D2}.Release|Any CPU.Build.0 = Release|Any CPU
		{D522D6CD-74FE-40F8-9CC1-F4C53E447451}.Debug|Any CPU.ActiveCfg = Debug|Any CPU
		{D522D6CD-74FE-40F8-9CC1-F4C53E447451}.Debug|Any CPU.Build.0 = Debug|Any CPU
		{D522D6CD-74FE-40F8-9CC1-F4C53E447451}.Release|Any CPU.ActiveCfg = Release|Any CPU
		{D522D6CD-74FE-40F8-9CC1-F4C53E447451}.Release|Any CPU.Build.0 = Release|Any CPU
		{E7BBEF42-AF1A-40AC-891A-9DEAFBC5CCA0}.Debug|Any CPU.ActiveCfg = Debug|Any CPU
		{E7BBEF42-AF1A-40AC-891A-9DEAFBC5CCA0}.Debug|Any CPU.Build.0 = Debug|Any CPU
		{E7BBEF42-AF1A-40AC-891A-9DEAFBC5CCA0}.Release|Any CPU.ActiveCfg = Release|Any CPU
		{E7BBEF42-AF1A-40AC-891A-9DEAFBC5CCA0}.Release|Any CPU.Build.0 = Release|Any CPU
		{7374162D-7062-42AB-AE10-A15178592559}.Debug|Any CPU.ActiveCfg = Debug|Any CPU
		{7374162D-7062-42AB-AE10-A15178592559}.Debug|Any CPU.Build.0 = Debug|Any CPU
		{7374162D-7062-42AB-AE10-A15178592559}.Release|Any CPU.ActiveCfg = Release|Any CPU
		{7374162D-7062-42AB-AE10-A15178592559}.Release|Any CPU.Build.0 = Release|Any CPU
		{BA32D414-EE9D-482E-A443-B5792A23169E}.Debug|Any CPU.ActiveCfg = Debug|Any CPU
		{BA32D414-EE9D-482E-A443-B5792A23169E}.Debug|Any CPU.Build.0 = Debug|Any CPU
		{BA32D414-EE9D-482E-A443-B5792A23169E}.Release|Any CPU.ActiveCfg = Release|Any CPU
		{BA32D414-EE9D-482E-A443-B5792A23169E}.Release|Any CPU.Build.0 = Release|Any CPU
		{4FB684CF-5A5D-4DE8-9200-AB91DFA1C665}.Debug|Any CPU.ActiveCfg = Debug|Any CPU
		{4FB684CF-5A5D-4DE8-9200-AB91DFA1C665}.Debug|Any CPU.Build.0 = Debug|Any CPU
		{4FB684CF-5A5D-4DE8-9200-AB91DFA1C665}.Release|Any CPU.ActiveCfg = Release|Any CPU
		{4FB684CF-5A5D-4DE8-9200-AB91DFA1C665}.Release|Any CPU.Build.0 = Release|Any CPU
		{CEBE5AD0-11DF-4326-ACF1-32881A9C4549}.Debug|Any CPU.ActiveCfg = Debug|Any CPU
		{CEBE5AD0-11DF-4326-ACF1-32881A9C4549}.Debug|Any CPU.Build.0 = Debug|Any CPU
		{CEBE5AD0-11DF-4326-ACF1-32881A9C4549}.Release|Any CPU.ActiveCfg = Release|Any CPU
		{CEBE5AD0-11DF-4326-ACF1-32881A9C4549}.Release|Any CPU.Build.0 = Release|Any CPU
		{B1690006-9F36-4912-AF36-B6BD1169B00C}.Debug|Any CPU.ActiveCfg = Debug|Any CPU
		{B1690006-9F36-4912-AF36-B6BD1169B00C}.Debug|Any CPU.Build.0 = Debug|Any CPU
		{B1690006-9F36-4912-AF36-B6BD1169B00C}.Release|Any CPU.ActiveCfg = Release|Any CPU
		{B1690006-9F36-4912-AF36-B6BD1169B00C}.Release|Any CPU.Build.0 = Release|Any CPU
		{FCCAD98B-FA5C-4B72-9797-C379A1E082A9}.Debug|Any CPU.ActiveCfg = Debug|Any CPU
		{FCCAD98B-FA5C-4B72-9797-C379A1E082A9}.Debug|Any CPU.Build.0 = Debug|Any CPU
		{FCCAD98B-FA5C-4B72-9797-C379A1E082A9}.Release|Any CPU.ActiveCfg = Release|Any CPU
		{FCCAD98B-FA5C-4B72-9797-C379A1E082A9}.Release|Any CPU.Build.0 = Release|Any CPU
		{9ED94EF8-E7DB-4D88-BD6E-C87F46A43100}.Debug|Any CPU.ActiveCfg = Debug|Any CPU
		{9ED94EF8-E7DB-4D88-BD6E-C87F46A43100}.Debug|Any CPU.Build.0 = Debug|Any CPU
		{9ED94EF8-E7DB-4D88-BD6E-C87F46A43100}.Release|Any CPU.ActiveCfg = Release|Any CPU
		{9ED94EF8-E7DB-4D88-BD6E-C87F46A43100}.Release|Any CPU.Build.0 = Release|Any CPU
		{106C0C92-69A9-4207-A05B-BABEE77BA6C9}.Debug|Any CPU.ActiveCfg = Debug|Any CPU
		{106C0C92-69A9-4207-A05B-BABEE77BA6C9}.Debug|Any CPU.Build.0 = Debug|Any CPU
		{106C0C92-69A9-4207-A05B-BABEE77BA6C9}.Release|Any CPU.ActiveCfg = Release|Any CPU
		{106C0C92-69A9-4207-A05B-BABEE77BA6C9}.Release|Any CPU.Build.0 = Release|Any CPU
		{68BF2811-5DAB-48D3-8017-5BFF1E7DA98F}.Debug|Any CPU.ActiveCfg = Debug|Any CPU
		{68BF2811-5DAB-48D3-8017-5BFF1E7DA98F}.Debug|Any CPU.Build.0 = Debug|Any CPU
		{68BF2811-5DAB-48D3-8017-5BFF1E7DA98F}.Release|Any CPU.ActiveCfg = Release|Any CPU
		{68BF2811-5DAB-48D3-8017-5BFF1E7DA98F}.Release|Any CPU.Build.0 = Release|Any CPU
		{B7730E83-2A89-4660-8D28-46154883946A}.Debug|Any CPU.ActiveCfg = Debug|Any CPU
		{B7730E83-2A89-4660-8D28-46154883946A}.Debug|Any CPU.Build.0 = Debug|Any CPU
		{B7730E83-2A89-4660-8D28-46154883946A}.Release|Any CPU.ActiveCfg = Release|Any CPU
		{B7730E83-2A89-4660-8D28-46154883946A}.Release|Any CPU.Build.0 = Release|Any CPU
		{A3B4171E-101D-4889-A006-C0AD5C92ED1B}.Debug|Any CPU.ActiveCfg = Debug|Any CPU
		{A3B4171E-101D-4889-A006-C0AD5C92ED1B}.Debug|Any CPU.Build.0 = Debug|Any CPU
		{A3B4171E-101D-4889-A006-C0AD5C92ED1B}.Release|Any CPU.ActiveCfg = Release|Any CPU
		{A3B4171E-101D-4889-A006-C0AD5C92ED1B}.Release|Any CPU.Build.0 = Release|Any CPU
		{C90FB9EF-CFBC-46ED-9EE3-F2D3440C63CA}.Debug|Any CPU.ActiveCfg = Debug|Any CPU
		{C90FB9EF-CFBC-46ED-9EE3-F2D3440C63CA}.Debug|Any CPU.Build.0 = Debug|Any CPU
		{C90FB9EF-CFBC-46ED-9EE3-F2D3440C63CA}.Release|Any CPU.ActiveCfg = Release|Any CPU
		{C90FB9EF-CFBC-46ED-9EE3-F2D3440C63CA}.Release|Any CPU.Build.0 = Release|Any CPU
		{DAB42166-E199-426C-903C-E049D8D990D2}.Debug|Any CPU.ActiveCfg = Debug|Any CPU
		{DAB42166-E199-426C-903C-E049D8D990D2}.Debug|Any CPU.Build.0 = Debug|Any CPU
		{DAB42166-E199-426C-903C-E049D8D990D2}.Release|Any CPU.ActiveCfg = Release|Any CPU
		{DAB42166-E199-426C-903C-E049D8D990D2}.Release|Any CPU.Build.0 = Release|Any CPU
		{E5139D8A-4896-45FE-8591-A592016C4110}.Debug|Any CPU.ActiveCfg = Debug|Any CPU
		{E5139D8A-4896-45FE-8591-A592016C4110}.Debug|Any CPU.Build.0 = Debug|Any CPU
		{E5139D8A-4896-45FE-8591-A592016C4110}.Release|Any CPU.ActiveCfg = Release|Any CPU
		{E5139D8A-4896-45FE-8591-A592016C4110}.Release|Any CPU.Build.0 = Release|Any CPU
	EndGlobalSection
	GlobalSection(SolutionProperties) = preSolution
		HideSolutionNode = FALSE
	EndGlobalSection
	GlobalSection(ExtensibilityGlobals) = postSolution
		SolutionGuid = {4B23F45B-DDEA-410B-A2FB-A139E08157AB}
	EndGlobalSection
EndGlobal
